{
  "name": "test",
  "version": "1.0.0",
  "lockfileVersion": 2,
  "requires": true,
  "packages": {
    "": {
      "version": "1.0.0",
      "license": "ISC",
      "dependencies": {
        "hex2ascii": "^0.0.3"
      }
    },
    "node_modules/hex2ascii": {
      "version": "0.0.3",
      "resolved": "https://registry.npmjs.org/hex2ascii/-/hex2ascii-0.0.3.tgz",
      "integrity": "sha1-LasIutWjRDDdXMdRJx6sSpDq6Po=",
      "engines": {
        "node": ">=7"
      }
    }
  },
  "dependencies": {
    "hex2ascii": {
      "version": "0.0.3",
      "resolved": "https://registry.npmjs.org/hex2ascii/-/hex2ascii-0.0.3.tgz",
      "integrity": "sha1-LasIutWjRDDdXMdRJx6sSpDq6Po="
    }
  }
}
